
Microsoft Visual Studio Solution File, Format Version 11.00
# Visual Studio 2010
Project("{8BC9CEB8-8B4A-11D0-8D11-00A0C91BC942}") = "SmallVCM", "SmallVCM.vcxproj", "{50BA09E6-1299-41FF-B89E-234A6A9EB55B}"
EndProject
Global
	GlobalSection(SolutionConfigurationPlatforms) = preSolution
		Debug|Win32 = Debug|Win32
		Release|Win32 = Release|Win32
	EndGlobalSection
	GlobalSection(ProjectConfigurationPlatforms) = postSolution
		{50BA09E6-1299-41FF-B89E-234A6A9EB55B}.Debug|Win32.ActiveCfg = Debug|Win32
		{50BA09E6-1299-41FF-B89E-234A6A9EB55B}.Debug|Win32.Build.0 = Debug|Win32
		{50BA09E6-1299-41FF-B89E-234A6A9EB55B}.Release|Win32.ActiveCfg = Release|Win32
		{50BA09E6-1299-41FF-B89E-234A6A9EB55B}.Release|Win32.Build.0 = Release|Win32
	EndGlobalSection
	GlobalSection(SolutionProperties) = preSolution
		HideSolutionNode = FALSE
	EndGlobalSection
EndGlobal
